
Microsoft Visual Studio Solution File, Format Version 12.00
# Visual Studio Version 16
VisualStudioVersion = 16.0.31729.503
MinimumVisualStudioVersion = 10.0.40219.1
Project("{FAE04EC0-301F-11D3-BF4B-00C04F79EFBC}") = "Garbage_Collection", "Garbage_Collection\Garbage_Collection.csproj", "{C082CE6E-80D9-4D6C-804C-7FCE2BF862F1}"
EndProject
Global
	GlobalSection(SolutionConfigurationPlatforms) = preSolution
		Debug|Any CPU = Debug|Any CPU
		Release|Any CPU = Release|Any CPU
	EndGlobalSection
	GlobalSection(ProjectConfigurationPlatforms) = postSolution
		{C082CE6E-80D9-4D6C-804C-7FCE2BF862F1}.Debug|Any CPU.ActiveCfg = Debug|Any CPU
		{C082CE6E-80D9-4D6C-804C-7FCE2BF862F1}.Debug|Any CPU.Build.0 = Debug|Any CPU
		{C082CE6E-80D9-4D6C-804C-7FCE2BF862F1}.Release|Any CPU.ActiveCfg = Release|Any CPU
		{C082CE6E-80D9-4D6C-804C-7FCE2BF862F1}.Release|Any CPU.Build.0 = Release|Any CPU
	EndGlobalSection
	GlobalSection(SolutionProperties) = preSolution
		HideSolutionNode = FALSE
	EndGlobalSection
	GlobalSection(ExtensibilityGlobals) = postSolution
		SolutionGuid = {265BC225-3AE0-488D-ABDC-85D684C70597}
	EndGlobalSection
EndGlobal
